
Microsoft Visual Studio Solution File, Format Version 12.00
# Visual Studio 15
VisualStudioVersion = 15.0.26430.16
MinimumVisualStudioVersion = 10.0.40219.1
Project("{2150E333-8FDC-42A3-9474-1A3956D46DE8}") = "SubModules", "SubModules", "{E4F53FF8-03A0-4C92-84EA-5E353BDD9A18}"
EndProject
Project("{2150E333-8FDC-42A3-9474-1A3956D46DE8}") = "MailKit", "MailKit", "{B2B4D585-3533-4222-8351-98128903001E}"
EndProject
Project("{FAE04EC0-301F-11D3-BF4B-00C04F79EFBC}") = "MailKit.Net45", "SubModules\MailKit\MailKit\MailKit.Net45.csproj", "{7264D469-A390-4C10-9C87-DAA37EDD3C1D}"
EndProject
Project("{FAE04EC0-301F-11D3-BF4B-00C04F79EFBC}") = "MimeKit.Net45", "SubModules\MailKit\submodules\MimeKit\MimeKit\MimeKit.Net45.csproj", "{D5F54A4F-D84B-430F-9271-F7861E285B3E}"
EndProject
Project("{2150E333-8FDC-42A3-9474-1A3956D46DE8}") = ".nuget", ".nuget", "{BB3237C7-E19C-4232-B875-6658ABDD184A}"
	ProjectSection(SolutionItems) = preProject
		SubModules\MailKit\.nuget\packages.config = SubModules\MailKit\.nuget\packages.config
	EndProjectSection
EndProject
Project("{2150E333-8FDC-42A3-9474-1A3956D46DE8}") = "Proxy", "Proxy", "{B2B68455-E182-485B-8A75-BAD00C32EF21}"
EndProject
Project("{FAE04EC0-301F-11D3-BF4B-00C04F79EFBC}") = "Freya.Proxy", "Freya.Proxy\Freya.Proxy.csproj", "{5BE3D307-4B0B-406B-BF7B-CF9FC59800C0}"
	ProjectSection(ProjectDependencies) = postProject
		{D5F54A4F-D84B-430F-9271-F7861E285B3E} = {D5F54A4F-D84B-430F-9271-F7861E285B3E}
		{BF21D27F-72AD-492E-8219-6C82C2330C72} = {BF21D27F-72AD-492E-8219-6C82C2330C72}
		{9F1402F2-D701-43A5-9AD6-CFA926C31DCE} = {9F1402F2-D701-43A5-9AD6-CFA926C31DCE}
	EndProjectSection
EndProject
Project("{2150E333-8FDC-42A3-9474-1A3956D46DE8}") = "OpaqueMail", "OpaqueMail", "{A22A33B7-988B-4FE1-BFC3-0E0A4273DF83}"
EndProject
Project("{FAE04EC0-301F-11D3-BF4B-00C04F79EFBC}") = "OpaqueMail", "SubModules\OpaqueMail\OpaqueMail\OpaqueMail.csproj", "{BF21D27F-72AD-492E-8219-6C82C2330C72}"
EndProject
Project("{2150E333-8FDC-42A3-9474-1A3956D46DE8}") = "Solution Items", "Solution Items", "{1E3374C3-7C9B-4FAA-B1C6-B3609E903428}"
	ProjectSection(SolutionItems) = preProject
		SubModules\OpaqueMail\CHANGELOG.md = SubModules\OpaqueMail\CHANGELOG.md
		SubModules\OpaqueMail\LICENSE.md = SubModules\OpaqueMail\LICENSE.md
		SubModules\OpaqueMail\OpaqueMail.doxygen = SubModules\OpaqueMail\OpaqueMail.doxygen
		SubModules\OpaqueMail\OpaqueMail.doxygen.header.html = SubModules\OpaqueMail\OpaqueMail.doxygen.header.html
		SubModules\OpaqueMail\OpaqueMail.nupkg = SubModules\OpaqueMail\OpaqueMail.nupkg
		SubModules\OpaqueMail\README.md = SubModules\OpaqueMail\README.md
	EndProjectSection
EndProject
Project("{FAE04EC0-301F-11D3-BF4B-00C04F79EFBC}") = "OpaqueMail.CertHelper", "SubModules\OpaqueMail\OpaqueMail.CertHelper\OpaqueMail.CertHelper.csproj", "{9F1402F2-D701-43A5-9AD6-CFA926C31DCE}"
EndProject
Project("{2150E333-8FDC-42A3-9474-1A3956D46DE8}") = "ZetaIPC", "ZetaIPC", "{CF5AE2D0-F8A0-4E2C-9398-551CC216ED25}"
EndProject
Project("{FAE04EC0-301F-11D3-BF4B-00C04F79EFBC}") = "ZetaIPC", "SubModules\ZetaIpc\Source\Runtime\ZetaIPC.csproj", "{7B84D317-9D25-4F06-9BAC-A246ED79B076}"
EndProject
Project("{FAE04EC0-301F-11D3-BF4B-00C04F79EFBC}") = "Freya.Miner", "Freya.Miner\Freya.Miner\Freya.Miner.csproj", "{88ADF291-AE51-4DBF-AB8B-D1A746482DA6}"
EndProject
Project("{FAE04EC0-301F-11D3-BF4B-00C04F79EFBC}") = "FreyaUI", "FreyaUI\FreyaUI.csproj", "{EE9F6184-F918-4FC0-9018-3019DFB8A408}"
	ProjectSection(ProjectDependencies) = postProject
		{7B84D317-9D25-4F06-9BAC-A246ED79B076} = {7B84D317-9D25-4F06-9BAC-A246ED79B076}
		{4DF54E55-B67C-4480-81E3-F5263DE37F59} = {4DF54E55-B67C-4480-81E3-F5263DE37F59}
		{6A0AECAE-979A-43E1-A1D4-49B2372DD3F4} = {6A0AECAE-979A-43E1-A1D4-49B2372DD3F4}
	EndProjectSection
EndProject
Project("{FAE04EC0-301F-11D3-BF4B-00C04F79EFBC}") = "Freya.Service", "Freya.Service\Freya.Service.csproj", "{4DF54E55-B67C-4480-81E3-F5263DE37F59}"
	ProjectSection(ProjectDependencies) = postProject
		{6A0AECAE-979A-43E1-A1D4-49B2372DD3F4} = {6A0AECAE-979A-43E1-A1D4-49B2372DD3F4}
	EndProjectSection
EndProject
Project("{FAE04EC0-301F-11D3-BF4B-00C04F79EFBC}") = "FreyaCore", "FreyaCore\FreyaCore.csproj", "{6A0AECAE-979A-43E1-A1D4-49B2372DD3F4}"
EndProject
Project("{9A19103F-16F7-4668-BE54-9A1E7A4F7556}") = "FSLib.App.SimpleUpdater", "SubModules\SimpleUpdater\FSLib.App.SimpleUpdater\FSLib.App.SimpleUpdater.csproj", "{21A701D7-063B-48E9-AE2F-5586A954B830}"
EndProject
Project("{FAE04EC0-301F-11D3-BF4B-00C04F79EFBC}") = "Heimdallr", "Heimdallr\Heimdallr.csproj", "{EB01CC34-E9FE-4405-AEF5-E475D51F1689}"
EndProject
Global
	GlobalSection(SolutionConfigurationPlatforms) = preSolution
		CD_ROM|Any CPU = CD_ROM|Any CPU
		CD_ROM|ARM = CD_ROM|ARM
		CD_ROM|x64 = CD_ROM|x64
		CD_ROM|x86 = CD_ROM|x86
		Debug|Any CPU = Debug|Any CPU
		Debug|ARM = Debug|ARM
		Debug|x64 = Debug|x64
		Debug|x86 = Debug|x86
		DVD-5|Any CPU = DVD-5|Any CPU
		DVD-5|ARM = DVD-5|ARM
		DVD-5|x64 = DVD-5|x64
		DVD-5|x86 = DVD-5|x86
		Release|Any CPU = Release|Any CPU
		Release|ARM = Release|ARM
		Release|x64 = Release|x64
		Release|x86 = Release|x86
		SingleImage|Any CPU = SingleImage|Any CPU
		SingleImage|ARM = SingleImage|ARM
		SingleImage|x64 = SingleImage|x64
		SingleImage|x86 = SingleImage|x86
	EndGlobalSection
	GlobalSection(ProjectConfigurationPlatforms) = postSolution
		{7264D469-A390-4C10-9C87-DAA37EDD3C1D}.CD_ROM|Any CPU.ActiveCfg = Release|Any CPU
		{7264D469-A390-4C10-9C87-DAA37EDD3C1D}.CD_ROM|Any CPU.Build.0 = Release|Any CPU
		{7264D469-A390-4C10-9C87-DAA37EDD3C1D}.CD_ROM|ARM.ActiveCfg = Release|Any CPU
		{7264D469-A390-4C10-9C87-DAA37EDD3C1D}.CD_ROM|ARM.Build.0 = Release|Any CPU
		{7264D469-A390-4C10-9C87-DAA37EDD3C1D}.CD_ROM|x64.ActiveCfg = Release|Any CPU
		{7264D469-A390-4C10-9C87-DAA37EDD3C1D}.CD_ROM|x64.Build.0 = Release|Any CPU
		{7264D469-A390-4C10-9C87-DAA37EDD3C1D}.CD_ROM|x86.ActiveCfg = Release|Any CPU
		{7264D469-A390-4C10-9C87-DAA37EDD3C1D}.CD_ROM|x86.Build.0 = Release|Any CPU
		{7264D469-A390-4C10-9C87-DAA37EDD3C1D}.Debug|Any CPU.ActiveCfg = Debug|Any CPU
		{7264D469-A390-4C10-9C87-DAA37EDD3C1D}.Debug|Any CPU.Build.0 = Debug|Any CPU
		{7264D469-A390-4C10-9C87-DAA37EDD3C1D}.Debug|ARM.ActiveCfg = Debug|Any CPU
		{7264D469-A390-4C10-9C87-DAA37EDD3C1D}.Debug|ARM.Build.0 = Debug|Any CPU
		{7264D469-A390-4C10-9C87-DAA37EDD3C1D}.Debug|x64.ActiveCfg = Debug|Any CPU
		{7264D469-A390-4C10-9C87-DAA37EDD3C1D}.Debug|x64.Build.0 = Debug|Any CPU
		{7264D469-A390-4C10-9C87-DAA37EDD3C1D}.Debug|x86.ActiveCfg = Debug|Any CPU
		{7264D469-A390-4C10-9C87-DAA37EDD3C1D}.Debug|x86.Build.0 = Debug|Any CPU
		{7264D469-A390-4C10-9C87-DAA37EDD3C1D}.DVD-5|Any CPU.ActiveCfg = Debug|Any CPU
		{7264D469-A390-4C10-9C87-DAA37EDD3C1D}.DVD-5|Any CPU.Build.0 = Debug|Any CPU
		{7264D469-A390-4C10-9C87-DAA37EDD3C1D}.DVD-5|ARM.ActiveCfg = Debug|Any CPU
		{7264D469-A390-4C10-9C87-DAA37EDD3C1D}.DVD-5|ARM.Build.0 = Debug|Any CPU
		{7264D469-A390-4C10-9C87-DAA37EDD3C1D}.DVD-5|x64.ActiveCfg = Debug|Any CPU
		{7264D469-A390-4C10-9C87-DAA37EDD3C1D}.DVD-5|x64.Build.0 = Debug|Any CPU
		{7264D469-A390-4C10-9C87-DAA37EDD3C1D}.DVD-5|x86.ActiveCfg = Debug|Any CPU
		{7264D469-A390-4C10-9C87-DAA37EDD3C1D}.DVD-5|x86.Build.0 = Debug|Any CPU
		{7264D469-A390-4C10-9C87-DAA37EDD3C1D}.Release|Any CPU.ActiveCfg = Release|Any CPU
		{7264D469-A390-4C10-9C87-DAA37EDD3C1D}.Release|Any CPU.Build.0 = Release|Any CPU
		{7264D469-A390-4C10-9C87-DAA37EDD3C1D}.Release|ARM.ActiveCfg = Release|Any CPU
		{7264D469-A390-4C10-9C87-DAA37EDD3C1D}.Release|ARM.Build.0 = Release|Any CPU
		{7264D469-A390-4C10-9C87-DAA37EDD3C1D}.Release|x64.ActiveCfg = Release|Any CPU
		{7264D469-A390-4C10-9C87-DAA37EDD3C1D}.Release|x64.Build.0 = Release|Any CPU
		{7264D469-A390-4C10-9C87-DAA37EDD3C1D}.Release|x86.ActiveCfg = Release|Any CPU
		{7264D469-A390-4C10-9C87-DAA37EDD3C1D}.Release|x86.Build.0 = Release|Any CPU
		{7264D469-A390-4C10-9C87-DAA37EDD3C1D}.SingleImage|Any CPU.ActiveCfg = Release|Any CPU
		{7264D469-A390-4C10-9C87-DAA37EDD3C1D}.SingleImage|Any CPU.Build.0 = Release|Any CPU
		{7264D469-A390-4C10-9C87-DAA37EDD3C1D}.SingleImage|ARM.ActiveCfg = Release|Any CPU
		{7264D469-A390-4C10-9C87-DAA37EDD3C1D}.SingleImage|ARM.Build.0 = Release|Any CPU
		{7264D469-A390-4C10-9C87-DAA37EDD3C1D}.SingleImage|x64.ActiveCfg = Release|Any CPU
		{7264D469-A390-4C10-9C87-DAA37EDD3C1D}.SingleImage|x64.Build.0 = Release|Any CPU
		{7264D469-A390-4C10-9C87-DAA37EDD3C1D}.SingleImage|x86.ActiveCfg = Release|Any CPU
		{7264D469-A390-4C10-9C87-DAA37EDD3C1D}.SingleImage|x86.Build.0 = Release|Any CPU
		{D5F54A4F-D84B-430F-9271-F7861E285B3E}.CD_ROM|Any CPU.ActiveCfg = Release|Any CPU
		{D5F54A4F-D84B-430F-9271-F7861E285B3E}.CD_ROM|Any CPU.Build.0 = Release|Any CPU
		{D5F54A4F-D84B-430F-9271-F7861E285B3E}.CD_ROM|ARM.ActiveCfg = Release|Any CPU
		{D5F54A4F-D84B-430F-9271-F7861E285B3E}.CD_ROM|ARM.Build.0 = Release|Any CPU
		{D5F54A4F-D84B-430F-9271-F7861E285B3E}.CD_ROM|x64.ActiveCfg = Release|Any CPU
		{D5F54A4F-D84B-430F-9271-F7861E285B3E}.CD_ROM|x64.Build.0 = Release|Any CPU
		{D5F54A4F-D84B-430F-9271-F7861E285B3E}.CD_ROM|x86.ActiveCfg = Release|Any CPU
		{D5F54A4F-D84B-430F-9271-F7861E285B3E}.CD_ROM|x86.Build.0 = Release|Any CPU
		{D5F54A4F-D84B-430F-9271-F7861E285B3E}.Debug|Any CPU.ActiveCfg = Debug|Any CPU
		{D5F54A4F-D84B-430F-9271-F7861E285B3E}.Debug|Any CPU.Build.0 = Debug|Any CPU
		{D5F54A4F-D84B-430F-9271-F7861E285B3E}.Debug|ARM.ActiveCfg = Debug|Any CPU
		{D5F54A4F-D84B-430F-9271-F7861E285B3E}.Debug|ARM.Build.0 = Debug|Any CPU
		{D5F54A4F-D84B-430F-9271-F7861E285B3E}.Debug|x64.ActiveCfg = Debug|Any CPU
		{D5F54A4F-D84B-430F-9271-F7861E285B3E}.Debug|x64.Build.0 = Debug|Any CPU
		{D5F54A4F-D84B-430F-9271-F7861E285B3E}.Debug|x86.ActiveCfg = Debug|Any CPU
		{D5F54A4F-D84B-430F-9271-F7861E285B3E}.Debug|x86.Build.0 = Debug|Any CPU
		{D5F54A4F-D84B-430F-9271-F7861E285B3E}.DVD-5|Any CPU.ActiveCfg = Debug|Any CPU
		{D5F54A4F-D84B-430F-9271-F7861E285B3E}.DVD-5|Any CPU.Build.0 = Debug|Any CPU
		{D5F54A4F-D84B-430F-9271-F7861E285B3E}.DVD-5|ARM.ActiveCfg = Debug|Any CPU
		{D5F54A4F-D84B-430F-9271-F7861E285B3E}.DVD-5|ARM.Build.0 = Debug|Any CPU
		{D5F54A4F-D84B-430F-9271-F7861E285B3E}.DVD-5|x64.ActiveCfg = Debug|Any CPU
		{D5F54A4F-D84B-430F-9271-F7861E285B3E}.DVD-5|x64.Build.0 = Debug|Any CPU
		{D5F54A4F-D84B-430F-9271-F7861E285B3E}.DVD-5|x86.ActiveCfg = Debug|Any CPU
		{D5F54A4F-D84B-430F-9271-F7861E285B3E}.DVD-5|x86.Build.0 = Debug|Any CPU
		{D5F54A4F-D84B-430F-9271-F7861E285B3E}.Release|Any CPU.ActiveCfg = Release|Any CPU
		{D5F54A4F-D84B-430F-9271-F7861E285B3E}.Release|Any CPU.Build.0 = Release|Any CPU
		{D5F54A4F-D84B-430F-9271-F7861E285B3E}.Release|ARM.ActiveCfg = Release|Any CPU
		{D5F54A4F-D84B-430F-9271-F7861E285B3E}.Release|ARM.Build.0 = Release|Any CPU
		{D5F54A4F-D84B-430F-9271-F7861E285B3E}.Release|x64.ActiveCfg = Release|Any CPU
		{D5F54A4F-D84B-430F-9271-F7861E285B3E}.Release|x64.Build.0 = Release|Any CPU
		{D5F54A4F-D84B-430F-9271-F7861E285B3E}.Release|x86.ActiveCfg = Release|Any CPU
		{D5F54A4F-D84B-430F-9271-F7861E285B3E}.Release|x86.Build.0 = Release|Any CPU
		{D5F54A4F-D84B-430F-9271-F7861E285B3E}.SingleImage|Any CPU.ActiveCfg = Release|Any CPU
		{D5F54A4F-D84B-430F-9271-F7861E285B3E}.SingleImage|Any CPU.Build.0 = Release|Any CPU
		{D5F54A4F-D84B-430F-9271-F7861E285B3E}.SingleImage|ARM.ActiveCfg = Release|Any CPU
		{D5F54A4F-D84B-430F-9271-F7861E285B3E}.SingleImage|ARM.Build.0 = Release|Any CPU
		{D5F54A4F-D84B-430F-9271-F7861E285B3E}.SingleImage|x64.ActiveCfg = Release|Any CPU
		{D5F54A4F-D84B-430F-9271-F7861E285B3E}.SingleImage|x64.Build.0 = Release|Any CPU
		{D5F54A4F-D84B-430F-9271-F7861E285B3E}.SingleImage|x86.ActiveCfg = Release|Any CPU
		{D5F54A4F-D84B-430F-9271-F7861E285B3E}.SingleImage|x86.Build.0 = Release|Any CPU
		{5BE3D307-4B0B-406B-BF7B-CF9FC59800C0}.CD_ROM|Any CPU.ActiveCfg = Release|Any CPU
		{5BE3D307-4B0B-406B-BF7B-CF9FC59800C0}.CD_ROM|Any CPU.Build.0 = Release|Any CPU
		{5BE3D307-4B0B-406B-BF7B-CF9FC59800C0}.CD_ROM|ARM.ActiveCfg = Release|Any CPU
		{5BE3D307-4B0B-406B-BF7B-CF9FC59800C0}.CD_ROM|ARM.Build.0 = Release|Any CPU
		{5BE3D307-4B0B-406B-BF7B-CF9FC59800C0}.CD_ROM|x64.ActiveCfg = Release|Any CPU
		{5BE3D307-4B0B-406B-BF7B-CF9FC59800C0}.CD_ROM|x64.Build.0 = Release|Any CPU
		{5BE3D307-4B0B-406B-BF7B-CF9FC59800C0}.CD_ROM|x86.ActiveCfg = Release|Any CPU
		{5BE3D307-4B0B-406B-BF7B-CF9FC59800C0}.CD_ROM|x86.Build.0 = Release|Any CPU
		{5BE3D307-4B0B-406B-BF7B-CF9FC59800C0}.Debug|Any CPU.ActiveCfg = Debug|Any CPU
		{5BE3D307-4B0B-406B-BF7B-CF9FC59800C0}.Debug|Any CPU.Build.0 = Debug|Any CPU
		{5BE3D307-4B0B-406B-BF7B-CF9FC59800C0}.Debug|ARM.ActiveCfg = Debug|Any CPU
		{5BE3D307-4B0B-406B-BF7B-CF9FC59800C0}.Debug|ARM.Build.0 = Debug|Any CPU
		{5BE3D307-4B0B-406B-BF7B-CF9FC59800C0}.Debug|x64.ActiveCfg = Debug|Any CPU
		{5BE3D307-4B0B-406B-BF7B-CF9FC59800C0}.Debug|x64.Build.0 = Debug|Any CPU
		{5BE3D307-4B0B-406B-BF7B-CF9FC59800C0}.Debug|x86.ActiveCfg = Debug|Any CPU
		{5BE3D307-4B0B-406B-BF7B-CF9FC59800C0}.Debug|x86.Build.0 = Debug|Any CPU
		{5BE3D307-4B0B-406B-BF7B-CF9FC59800C0}.DVD-5|Any CPU.ActiveCfg = Debug|Any CPU
		{5BE3D307-4B0B-406B-BF7B-CF9FC59800C0}.DVD-5|Any CPU.Build.0 = Debug|Any CPU
		{5BE3D307-4B0B-406B-BF7B-CF9FC59800C0}.DVD-5|ARM.ActiveCfg = Debug|Any CPU
		{5BE3D307-4B0B-406B-BF7B-CF9FC59800C0}.DVD-5|ARM.Build.0 = Debug|Any CPU
		{5BE3D307-4B0B-406B-BF7B-CF9FC59800C0}.DVD-5|x64.ActiveCfg = Debug|Any CPU
		{5BE3D307-4B0B-406B-BF7B-CF9FC59800C0}.DVD-5|x64.Build.0 = Debug|Any CPU
		{5BE3D307-4B0B-406B-BF7B-CF9FC59800C0}.DVD-5|x86.ActiveCfg = Debug|Any CPU
		{5BE3D307-4B0B-406B-BF7B-CF9FC59800C0}.DVD-5|x86.Build.0 = Debug|Any CPU
		{5BE3D307-4B0B-406B-BF7B-CF9FC59800C0}.Release|Any CPU.ActiveCfg = Release|Any CPU
		{5BE3D307-4B0B-406B-BF7B-CF9FC59800C0}.Release|Any CPU.Build.0 = Release|Any CPU
		{5BE3D307-4B0B-406B-BF7B-CF9FC59800C0}.Release|ARM.ActiveCfg = Release|Any CPU
		{5BE3D307-4B0B-406B-BF7B-CF9FC59800C0}.Release|ARM.Build.0 = Release|Any CPU
		{5BE3D307-4B0B-406B-BF7B-CF9FC59800C0}.Release|x64.ActiveCfg = Release|Any CPU
		{5BE3D307-4B0B-406B-BF7B-CF9FC59800C0}.Release|x64.Build.0 = Release|Any CPU
		{5BE3D307-4B0B-406B-BF7B-CF9FC59800C0}.Release|x86.ActiveCfg = Release|Any CPU
		{5BE3D307-4B0B-406B-BF7B-CF9FC59800C0}.Release|x86.Build.0 = Release|Any CPU
		{5BE3D307-4B0B-406B-BF7B-CF9FC59800C0}.SingleImage|Any CPU.ActiveCfg = Release|Any CPU
		{5BE3D307-4B0B-406B-BF7B-CF9FC59800C0}.SingleImage|Any CPU.Build.0 = Release|Any CPU
		{5BE3D307-4B0B-406B-BF7B-CF9FC59800C0}.SingleImage|ARM.ActiveCfg = Release|Any CPU
		{5BE3D307-4B0B-406B-BF7B-CF9FC59800C0}.SingleImage|ARM.Build.0 = Release|Any CPU
		{5BE3D307-4B0B-406B-BF7B-CF9FC59800C0}.SingleImage|x64.ActiveCfg = Release|Any CPU
		{5BE3D307-4B0B-406B-BF7B-CF9FC59800C0}.SingleImage|x64.Build.0 = Release|Any CPU
		{5BE3D307-4B0B-406B-BF7B-CF9FC59800C0}.SingleImage|x86.ActiveCfg = Release|Any CPU
		{5BE3D307-4B0B-406B-BF7B-CF9FC59800C0}.SingleImage|x86.Build.0 = Release|Any CPU
		{BF21D27F-72AD-492E-8219-6C82C2330C72}.CD_ROM|Any CPU.ActiveCfg = Release|Any CPU
		{BF21D27F-72AD-492E-8219-6C82C2330C72}.CD_ROM|Any CPU.Build.0 = Release|Any CPU
		{BF21D27F-72AD-492E-8219-6C82C2330C72}.CD_ROM|ARM.ActiveCfg = Release|Any CPU
		{BF21D27F-72AD-492E-8219-6C82C2330C72}.CD_ROM|x64.ActiveCfg = Release|Any CPU
		{BF21D27F-72AD-492E-8219-6C82C2330C72}.CD_ROM|x86.ActiveCfg = Release|Any CPU
		{BF21D27F-72AD-492E-8219-6C82C2330C72}.Debug|Any CPU.ActiveCfg = Debug|Any CPU
		{BF21D27F-72AD-492E-8219-6C82C2330C72}.Debug|Any CPU.Build.0 = Debug|Any CPU
		{BF21D27F-72AD-492E-8219-6C82C2330C72}.Debug|ARM.ActiveCfg = Debug|Any CPU
		{BF21D27F-72AD-492E-8219-6C82C2330C72}.Debug|x64.ActiveCfg = Debug|Any CPU
		{BF21D27F-72AD-492E-8219-6C82C2330C72}.Debug|x86.ActiveCfg = Debug|Any CPU
		{BF21D27F-72AD-492E-8219-6C82C2330C72}.DVD-5|Any CPU.ActiveCfg = Debug|Any CPU
		{BF21D27F-72AD-492E-8219-6C82C2330C72}.DVD-5|Any CPU.Build.0 = Debug|Any CPU
		{BF21D27F-72AD-492E-8219-6C82C2330C72}.DVD-5|ARM.ActiveCfg = Debug|Any CPU
		{BF21D27F-72AD-492E-8219-6C82C2330C72}.DVD-5|x64.ActiveCfg = Debug|Any CPU
		{BF21D27F-72AD-492E-8219-6C82C2330C72}.DVD-5|x86.ActiveCfg = Debug|Any CPU
		{BF21D27F-72AD-492E-8219-6C82C2330C72}.Release|Any CPU.ActiveCfg = Release|Any CPU
		{BF21D27F-72AD-492E-8219-6C82C2330C72}.Release|Any CPU.Build.0 = Release|Any CPU
		{BF21D27F-72AD-492E-8219-6C82C2330C72}.Release|ARM.ActiveCfg = Release|Any CPU
		{BF21D27F-72AD-492E-8219-6C82C2330C72}.Release|x64.ActiveCfg = Release|Any CPU
		{BF21D27F-72AD-492E-8219-6C82C2330C72}.Release|x86.ActiveCfg = Release|Any CPU
		{BF21D27F-72AD-492E-8219-6C82C2330C72}.SingleImage|Any CPU.ActiveCfg = Release|Any CPU
		{BF21D27F-72AD-492E-8219-6C82C2330C72}.SingleImage|Any CPU.Build.0 = Release|Any CPU
		{BF21D27F-72AD-492E-8219-6C82C2330C72}.SingleImage|ARM.ActiveCfg = Release|Any CPU
		{BF21D27F-72AD-492E-8219-6C82C2330C72}.SingleImage|x64.ActiveCfg = Release|Any CPU
		{BF21D27F-72AD-492E-8219-6C82C2330C72}.SingleImage|x86.ActiveCfg = Release|Any CPU
		{9F1402F2-D701-43A5-9AD6-CFA926C31DCE}.CD_ROM|Any CPU.ActiveCfg = Release|Any CPU
		{9F1402F2-D701-43A5-9AD6-CFA926C31DCE}.CD_ROM|Any CPU.Build.0 = Release|Any CPU
		{9F1402F2-D701-43A5-9AD6-CFA926C31DCE}.CD_ROM|ARM.ActiveCfg = Release|Any CPU
		{9F1402F2-D701-43A5-9AD6-CFA926C31DCE}.CD_ROM|x64.ActiveCfg = Release|Any CPU
		{9F1402F2-D701-43A5-9AD6-CFA926C31DCE}.CD_ROM|x86.ActiveCfg = Release|Any CPU
		{9F1402F2-D701-43A5-9AD6-CFA926C31DCE}.Debug|Any CPU.ActiveCfg = Debug|Any CPU
		{9F1402F2-D701-43A5-9AD6-CFA926C31DCE}.Debug|Any CPU.Build.0 = Debug|Any CPU
		{9F1402F2-D701-43A5-9AD6-CFA926C31DCE}.Debug|ARM.ActiveCfg = Debug|Any CPU
		{9F1402F2-D701-43A5-9AD6-CFA926C31DCE}.Debug|x64.ActiveCfg = Debug|Any CPU
		{9F1402F2-D701-43A5-9AD6-CFA926C31DCE}.Debug|x86.ActiveCfg = Debug|Any CPU
		{9F1402F2-D701-43A5-9AD6-CFA926C31DCE}.DVD-5|Any CPU.ActiveCfg = Debug|Any CPU
		{9F1402F2-D701-43A5-9AD6-CFA926C31DCE}.DVD-5|Any CPU.Build.0 = Debug|Any CPU
		{9F1402F2-D701-43A5-9AD6-CFA926C31DCE}.DVD-5|ARM.ActiveCfg = Debug|Any CPU
		{9F1402F2-D701-43A5-9AD6-CFA926C31DCE}.DVD-5|x64.ActiveCfg = Debug|Any CPU
		{9F1402F2-D701-43A5-9AD6-CFA926C31DCE}.DVD-5|x86.ActiveCfg = Debug|Any CPU
		{9F1402F2-D701-43A5-9AD6-CFA926C31DCE}.Release|Any CPU.ActiveCfg = Release|Any CPU
		{9F1402F2-D701-43A5-9AD6-CFA926C31DCE}.Release|Any CPU.Build.0 = Release|Any CPU
		{9F1402F2-D701-43A5-9AD6-CFA926C31DCE}.Release|ARM.ActiveCfg = Release|Any CPU
		{9F1402F2-D701-43A5-9AD6-CFA926C31DCE}.Release|x64.ActiveCfg = Release|Any CPU
		{9F1402F2-D701-43A5-9AD6-CFA926C31DCE}.Release|x86.ActiveCfg = Release|Any CPU
		{9F1402F2-D701-43A5-9AD6-CFA926C31DCE}.SingleImage|Any CPU.ActiveCfg = Release|Any CPU
		{9F1402F2-D701-43A5-9AD6-CFA926C31DCE}.SingleImage|Any CPU.Build.0 = Release|Any CPU
		{9F1402F2-D701-43A5-9AD6-CFA926C31DCE}.SingleImage|ARM.ActiveCfg = Release|Any CPU
		{9F1402F2-D701-43A5-9AD6-CFA926C31DCE}.SingleImage|x64.ActiveCfg = Release|Any CPU
		{9F1402F2-D701-43A5-9AD6-CFA926C31DCE}.SingleImage|x86.ActiveCfg = Release|Any CPU
		{7B84D317-9D25-4F06-9BAC-A246ED79B076}.CD_ROM|Any CPU.ActiveCfg = Release|Any CPU
		{7B84D317-9D25-4F06-9BAC-A246ED79B076}.CD_ROM|Any CPU.Build.0 = Release|Any CPU
		{7B84D317-9D25-4F06-9BAC-A246ED79B076}.CD_ROM|ARM.ActiveCfg = Release|Any CPU
		{7B84D317-9D25-4F06-9BAC-A246ED79B076}.CD_ROM|ARM.Build.0 = Release|Any CPU
		{7B84D317-9D25-4F06-9BAC-A246ED79B076}.CD_ROM|x64.ActiveCfg = Release|Any CPU
		{7B84D317-9D25-4F06-9BAC-A246ED79B076}.CD_ROM|x64.Build.0 = Release|Any CPU
		{7B84D317-9D25-4F06-9BAC-A246ED79B076}.CD_ROM|x86.ActiveCfg = Release|Any CPU
		{7B84D317-9D25-4F06-9BAC-A246ED79B076}.CD_ROM|x86.Build.0 = Release|Any CPU
		{7B84D317-9D25-4F06-9BAC-A246ED79B076}.Debug|Any CPU.ActiveCfg = Release|Any CPU
		{7B84D317-9D25-4F06-9BAC-A246ED79B076}.Debug|Any CPU.Build.0 = Release|Any CPU
		{7B84D317-9D25-4F06-9BAC-A246ED79B076}.Debug|ARM.ActiveCfg = Release|Any CPU
		{7B84D317-9D25-4F06-9BAC-A246ED79B076}.Debug|ARM.Build.0 = Release|Any CPU
		{7B84D317-9D25-4F06-9BAC-A246ED79B076}.Debug|x64.ActiveCfg = Release|Any CPU
		{7B84D317-9D25-4F06-9BAC-A246ED79B076}.Debug|x64.Build.0 = Release|Any CPU
		{7B84D317-9D25-4F06-9BAC-A246ED79B076}.Debug|x86.ActiveCfg = Release|Any CPU
		{7B84D317-9D25-4F06-9BAC-A246ED79B076}.Debug|x86.Build.0 = Release|Any CPU
		{7B84D317-9D25-4F06-9BAC-A246ED79B076}.DVD-5|Any CPU.ActiveCfg = Release|Any CPU
		{7B84D317-9D25-4F06-9BAC-A246ED79B076}.DVD-5|Any CPU.Build.0 = Release|Any CPU
		{7B84D317-9D25-4F06-9BAC-A246ED79B076}.DVD-5|ARM.ActiveCfg = Release|Any CPU
		{7B84D317-9D25-4F06-9BAC-A246ED79B076}.DVD-5|ARM.Build.0 = Release|Any CPU
		{7B84D317-9D25-4F06-9BAC-A246ED79B076}.DVD-5|x64.ActiveCfg = Release|Any CPU
		{7B84D317-9D25-4F06-9BAC-A246ED79B076}.DVD-5|x64.Build.0 = Release|Any CPU
		{7B84D317-9D25-4F06-9BAC-A246ED79B076}.DVD-5|x86.ActiveCfg = Release|Any CPU
		{7B84D317-9D25-4F06-9BAC-A246ED79B076}.DVD-5|x86.Build.0 = Release|Any CPU
		{7B84D317-9D25-4F06-9BAC-A246ED79B076}.Release|Any CPU.ActiveCfg = Release|Any CPU
		{7B84D317-9D25-4F06-9BAC-A246ED79B076}.Release|Any CPU.Build.0 = Release|Any CPU
		{7B84D317-9D25-4F06-9BAC-A246ED79B076}.Release|ARM.ActiveCfg = Release|Any CPU
		{7B84D317-9D25-4F06-9BAC-A246ED79B076}.Release|ARM.Build.0 = Release|Any CPU
		{7B84D317-9D25-4F06-9BAC-A246ED79B076}.Release|x64.ActiveCfg = Release|Any CPU
		{7B84D317-9D25-4F06-9BAC-A246ED79B076}.Release|x64.Build.0 = Release|Any CPU
		{7B84D317-9D25-4F06-9BAC-A246ED79B076}.Release|x86.ActiveCfg = Release|Any CPU
		{7B84D317-9D25-4F06-9BAC-A246ED79B076}.Release|x86.Build.0 = Release|Any CPU
		{7B84D317-9D25-4F06-9BAC-A246ED79B076}.SingleImage|Any CPU.ActiveCfg = Release|Any CPU
		{7B84D317-9D25-4F06-9BAC-A246ED79B076}.SingleImage|Any CPU.Build.0 = Release|Any CPU
		{7B84D317-9D25-4F06-9BAC-A246ED79B076}.SingleImage|ARM.ActiveCfg = Release|Any CPU
		{7B84D317-9D25-4F06-9BAC-A246ED79B076}.SingleImage|ARM.Build.0 = Release|Any CPU
		{7B84D317-9D25-4F06-9BAC-A246ED79B076}.SingleImage|x64.ActiveCfg = Release|Any CPU
		{7B84D317-9D25-4F06-9BAC-A246ED79B076}.SingleImage|x64.Build.0 = Release|Any CPU
		{7B84D317-9D25-4F06-9BAC-A246ED79B076}.SingleImage|x86.ActiveCfg = Release|Any CPU
		{7B84D317-9D25-4F06-9BAC-A246ED79B076}.SingleImage|x86.Build.0 = Release|Any CPU
		{88ADF291-AE51-4DBF-AB8B-D1A746482DA6}.CD_ROM|Any CPU.ActiveCfg = Release|Any CPU
		{88ADF291-AE51-4DBF-AB8B-D1A746482DA6}.CD_ROM|Any CPU.Build.0 = Release|Any CPU
		{88ADF291-AE51-4DBF-AB8B-D1A746482DA6}.CD_ROM|ARM.ActiveCfg = Release|Any CPU
		{88ADF291-AE51-4DBF-AB8B-D1A746482DA6}.CD_ROM|ARM.Build.0 = Release|Any CPU
		{88ADF291-AE51-4DBF-AB8B-D1A746482DA6}.CD_ROM|x64.ActiveCfg = Release|Any CPU
		{88ADF291-AE51-4DBF-AB8B-D1A746482DA6}.CD_ROM|x64.Build.0 = Release|Any CPU
		{88ADF291-AE51-4DBF-AB8B-D1A746482DA6}.CD_ROM|x86.ActiveCfg = Release|Any CPU
		{88ADF291-AE51-4DBF-AB8B-D1A746482DA6}.CD_ROM|x86.Build.0 = Release|Any CPU
		{88ADF291-AE51-4DBF-AB8B-D1A746482DA6}.Debug|Any CPU.ActiveCfg = Debug|Any CPU
		{88ADF291-AE51-4DBF-AB8B-D1A746482DA6}.Debug|Any CPU.Build.0 = Debug|Any CPU
		{88ADF291-AE51-4DBF-AB8B-D1A746482DA6}.Debug|ARM.ActiveCfg = Debug|Any CPU
		{88ADF291-AE51-4DBF-AB8B-D1A746482DA6}.Debug|ARM.Build.0 = Debug|Any CPU
		{88ADF291-AE51-4DBF-AB8B-D1A746482DA6}.Debug|x64.ActiveCfg = Debug|Any CPU
		{88ADF291-AE51-4DBF-AB8B-D1A746482DA6}.Debug|x64.Build.0 = Debug|Any CPU
		{88ADF291-AE51-4DBF-AB8B-D1A746482DA6}.Debug|x86.ActiveCfg = Debug|Any CPU
		{88ADF291-AE51-4DBF-AB8B-D1A746482DA6}.Debug|x86.Build.0 = Debug|Any CPU
		{88ADF291-AE51-4DBF-AB8B-D1A746482DA6}.DVD-5|Any CPU.ActiveCfg = Debug|Any CPU
		{88ADF291-AE51-4DBF-AB8B-D1A746482DA6}.DVD-5|Any CPU.Build.0 = Debug|Any CPU
		{88ADF291-AE51-4DBF-AB8B-D1A746482DA6}.DVD-5|ARM.ActiveCfg = Debug|Any CPU
		{88ADF291-AE51-4DBF-AB8B-D1A746482DA6}.DVD-5|ARM.Build.0 = Debug|Any CPU
		{88ADF291-AE51-4DBF-AB8B-D1A746482DA6}.DVD-5|x64.ActiveCfg = Debug|Any CPU
		{88ADF291-AE51-4DBF-AB8B-D1A746482DA6}.DVD-5|x64.Build.0 = Debug|Any CPU
		{88ADF291-AE51-4DBF-AB8B-D1A746482DA6}.DVD-5|x86.ActiveCfg = Debug|Any CPU
		{88ADF291-AE51-4DBF-AB8B-D1A746482DA6}.DVD-5|x86.Build.0 = Debug|Any CPU
		{88ADF291-AE51-4DBF-AB8B-D1A746482DA6}.Release|Any CPU.ActiveCfg = Release|Any CPU
		{88ADF291-AE51-4DBF-AB8B-D1A746482DA6}.Release|Any CPU.Build.0 = Release|Any CPU
		{88ADF291-AE51-4DBF-AB8B-D1A746482DA6}.Release|ARM.ActiveCfg = Release|Any CPU
		{88ADF291-AE51-4DBF-AB8B-D1A746482DA6}.Release|ARM.Build.0 = Release|Any CPU
		{88ADF291-AE51-4DBF-AB8B-D1A746482DA6}.Release|x64.ActiveCfg = Release|Any CPU
		{88ADF291-AE51-4DBF-AB8B-D1A746482DA6}.Release|x64.Build.0 = Release|Any CPU
		{88ADF291-AE51-4DBF-AB8B-D1A746482DA6}.Release|x86.ActiveCfg = Release|Any CPU
		{88ADF291-AE51-4DBF-AB8B-D1A746482DA6}.Release|x86.Build.0 = Release|Any CPU
		{88ADF291-AE51-4DBF-AB8B-D1A746482DA6}.SingleImage|Any CPU.ActiveCfg = Release|Any CPU
		{88ADF291-AE51-4DBF-AB8B-D1A746482DA6}.SingleImage|Any CPU.Build.0 = Release|Any CPU
		{88ADF291-AE51-4DBF-AB8B-D1A746482DA6}.SingleImage|ARM.ActiveCfg = Release|Any CPU
		{88ADF291-AE51-4DBF-AB8B-D1A746482DA6}.SingleImage|ARM.Build.0 = Release|Any CPU
		{88ADF291-AE51-4DBF-AB8B-D1A746482DA6}.SingleImage|x64.ActiveCfg = Release|Any CPU
		{88ADF291-AE51-4DBF-AB8B-D1A746482DA6}.SingleImage|x64.Build.0 = Release|Any CPU
		{88ADF291-AE51-4DBF-AB8B-D1A746482DA6}.SingleImage|x86.ActiveCfg = Release|Any CPU
		{88ADF291-AE51-4DBF-AB8B-D1A746482DA6}.SingleImage|x86.Build.0 = Release|Any CPU
		{EE9F6184-F918-4FC0-9018-3019DFB8A408}.CD_ROM|Any CPU.ActiveCfg = Release|Any CPU
		{EE9F6184-F918-4FC0-9018-3019DFB8A408}.CD_ROM|Any CPU.Build.0 = Release|Any CPU
		{EE9F6184-F918-4FC0-9018-3019DFB8A408}.CD_ROM|ARM.ActiveCfg = Release|Any CPU
		{EE9F6184-F918-4FC0-9018-3019DFB8A408}.CD_ROM|ARM.Build.0 = Release|Any CPU
		{EE9F6184-F918-4FC0-9018-3019DFB8A408}.CD_ROM|x64.ActiveCfg = Release|Any CPU
		{EE9F6184-F918-4FC0-9018-3019DFB8A408}.CD_ROM|x64.Build.0 = Release|Any CPU
		{EE9F6184-F918-4FC0-9018-3019DFB8A408}.CD_ROM|x86.ActiveCfg = Release|Any CPU
		{EE9F6184-F918-4FC0-9018-3019DFB8A408}.CD_ROM|x86.Build.0 = Release|Any CPU
		{EE9F6184-F918-4FC0-9018-3019DFB8A408}.Debug|Any CPU.ActiveCfg = Debug|Any CPU
		{EE9F6184-F918-4FC0-9018-3019DFB8A408}.Debug|Any CPU.Build.0 = Debug|Any CPU
		{EE9F6184-F918-4FC0-9018-3019DFB8A408}.Debug|ARM.ActiveCfg = Debug|Any CPU
		{EE9F6184-F918-4FC0-9018-3019DFB8A408}.Debug|ARM.Build.0 = Debug|Any CPU
		{EE9F6184-F918-4FC0-9018-3019DFB8A408}.Debug|x64.ActiveCfg = Debug|Any CPU
		{EE9F6184-F918-4FC0-9018-3019DFB8A408}.Debug|x64.Build.0 = Debug|Any CPU
		{EE9F6184-F918-4FC0-9018-3019DFB8A408}.Debug|x86.ActiveCfg = Debug|Any CPU
		{EE9F6184-F918-4FC0-9018-3019DFB8A408}.Debug|x86.Build.0 = Debug|Any CPU
		{EE9F6184-F918-4FC0-9018-3019DFB8A408}.DVD-5|Any CPU.ActiveCfg = Debug|Any CPU
		{EE9F6184-F918-4FC0-9018-3019DFB8A408}.DVD-5|Any CPU.Build.0 = Debug|Any CPU
		{EE9F6184-F918-4FC0-9018-3019DFB8A408}.DVD-5|ARM.ActiveCfg = Debug|Any CPU
		{EE9F6184-F918-4FC0-9018-3019DFB8A408}.DVD-5|ARM.Build.0 = Debug|Any CPU
		{EE9F6184-F918-4FC0-9018-3019DFB8A408}.DVD-5|x64.ActiveCfg = Debug|Any CPU
		{EE9F6184-F918-4FC0-9018-3019DFB8A408}.DVD-5|x64.Build.0 = Debug|Any CPU
		{EE9F6184-F918-4FC0-9018-3019DFB8A408}.DVD-5|x86.ActiveCfg = Debug|Any CPU
		{EE9F6184-F918-4FC0-9018-3019DFB8A408}.DVD-5|x86.Build.0 = Debug|Any CPU
		{EE9F6184-F918-4FC0-9018-3019DFB8A408}.Release|Any CPU.ActiveCfg = Release|Any CPU
		{EE9F6184-F918-4FC0-9018-3019DFB8A408}.Release|Any CPU.Build.0 = Release|Any CPU
		{EE9F6184-F918-4FC0-9018-3019DFB8A408}.Release|ARM.ActiveCfg = Release|Any CPU
		{EE9F6184-F918-4FC0-9018-3019DFB8A408}.Release|ARM.Build.0 = Release|Any CPU
		{EE9F6184-F918-4FC0-9018-3019DFB8A408}.Release|x64.ActiveCfg = Release|Any CPU
		{EE9F6184-F918-4FC0-9018-3019DFB8A408}.Release|x64.Build.0 = Release|Any CPU
		{EE9F6184-F918-4FC0-9018-3019DFB8A408}.Release|x86.ActiveCfg = Release|Any CPU
		{EE9F6184-F918-4FC0-9018-3019DFB8A408}.Release|x86.Build.0 = Release|Any CPU
		{EE9F6184-F918-4FC0-9018-3019DFB8A408}.SingleImage|Any CPU.ActiveCfg = Release|Any CPU
		{EE9F6184-F918-4FC0-9018-3019DFB8A408}.SingleImage|Any CPU.Build.0 = Release|Any CPU
		{EE9F6184-F918-4FC0-9018-3019DFB8A408}.SingleImage|ARM.ActiveCfg = Release|Any CPU
		{EE9F6184-F918-4FC0-9018-3019DFB8A408}.SingleImage|ARM.Build.0 = Release|Any CPU
		{EE9F6184-F918-4FC0-9018-3019DFB8A408}.SingleImage|x64.ActiveCfg = Release|Any CPU
		{EE9F6184-F918-4FC0-9018-3019DFB8A408}.SingleImage|x64.Build.0 = Release|Any CPU
		{EE9F6184-F918-4FC0-9018-3019DFB8A408}.SingleImage|x86.ActiveCfg = Release|Any CPU
		{EE9F6184-F918-4FC0-9018-3019DFB8A408}.SingleImage|x86.Build.0 = Release|Any CPU
		{4DF54E55-B67C-4480-81E3-F5263DE37F59}.CD_ROM|Any CPU.ActiveCfg = Release|Any CPU
		{4DF54E55-B67C-4480-81E3-F5263DE37F59}.CD_ROM|Any CPU.Build.0 = Release|Any CPU
		{4DF54E55-B67C-4480-81E3-F5263DE37F59}.CD_ROM|ARM.ActiveCfg = Release|Any CPU
		{4DF54E55-B67C-4480-81E3-F5263DE37F59}.CD_ROM|ARM.Build.0 = Release|Any CPU
		{4DF54E55-B67C-4480-81E3-F5263DE37F59}.CD_ROM|x64.ActiveCfg = Release|Any CPU
		{4DF54E55-B67C-4480-81E3-F5263DE37F59}.CD_ROM|x64.Build.0 = Release|Any CPU
		{4DF54E55-B67C-4480-81E3-F5263DE37F59}.CD_ROM|x86.ActiveCfg = Release|Any CPU
		{4DF54E55-B67C-4480-81E3-F5263DE37F59}.CD_ROM|x86.Build.0 = Release|Any CPU
		{4DF54E55-B67C-4480-81E3-F5263DE37F59}.Debug|Any CPU.ActiveCfg = Debug|Any CPU
		{4DF54E55-B67C-4480-81E3-F5263DE37F59}.Debug|Any CPU.Build.0 = Debug|Any CPU
		{4DF54E55-B67C-4480-81E3-F5263DE37F59}.Debug|ARM.ActiveCfg = Debug|Any CPU
		{4DF54E55-B67C-4480-81E3-F5263DE37F59}.Debug|ARM.Build.0 = Debug|Any CPU
		{4DF54E55-B67C-4480-81E3-F5263DE37F59}.Debug|x64.ActiveCfg = Debug|Any CPU
		{4DF54E55-B67C-4480-81E3-F5263DE37F59}.Debug|x64.Build.0 = Debug|Any CPU
		{4DF54E55-B67C-4480-81E3-F5263DE37F59}.Debug|x86.ActiveCfg = Debug|Any CPU
		{4DF54E55-B67C-4480-81E3-F5263DE37F59}.Debug|x86.Build.0 = Debug|Any CPU
		{4DF54E55-B67C-4480-81E3-F5263DE37F59}.DVD-5|Any CPU.ActiveCfg = Debug|Any CPU
		{4DF54E55-B67C-4480-81E3-F5263DE37F59}.DVD-5|Any CPU.Build.0 = Debug|Any CPU
		{4DF54E55-B67C-4480-81E3-F5263DE37F59}.DVD-5|ARM.ActiveCfg = Debug|Any CPU
		{4DF54E55-B67C-4480-81E3-F5263DE37F59}.DVD-5|ARM.Build.0 = Debug|Any CPU
		{4DF54E55-B67C-4480-81E3-F5263DE37F59}.DVD-5|x64.ActiveCfg = Debug|Any CPU
		{4DF54E55-B67C-4480-81E3-F5263DE37F59}.DVD-5|x64.Build.0 = Debug|Any CPU
		{4DF54E55-B67C-4480-81E3-F5263DE37F59}.DVD-5|x86.ActiveCfg = Debug|Any CPU
		{4DF54E55-B67C-4480-81E3-F5263DE37F59}.DVD-5|x86.Build.0 = Debug|Any CPU
		{4DF54E55-B67C-4480-81E3-F5263DE37F59}.Release|Any CPU.ActiveCfg = Release|Any CPU
		{4DF54E55-B67C-4480-81E3-F5263DE37F59}.Release|Any CPU.Build.0 = Release|Any CPU
		{4DF54E55-B67C-4480-81E3-F5263DE37F59}.Release|ARM.ActiveCfg = Release|Any CPU
		{4DF54E55-B67C-4480-81E3-F5263DE37F59}.Release|ARM.Build.0 = Release|Any CPU
		{4DF54E55-B67C-4480-81E3-F5263DE37F59}.Release|x64.ActiveCfg = Release|Any CPU
		{4DF54E55-B67C-4480-81E3-F5263DE37F59}.Release|x64.Build.0 = Release|Any CPU
		{4DF54E55-B67C-4480-81E3-F5263DE37F59}.Release|x86.ActiveCfg = Release|Any CPU
		{4DF54E55-B67C-4480-81E3-F5263DE37F59}.Release|x86.Build.0 = Release|Any CPU
		{4DF54E55-B67C-4480-81E3-F5263DE37F59}.SingleImage|Any CPU.ActiveCfg = Release|Any CPU
		{4DF54E55-B67C-4480-81E3-F5263DE37F59}.SingleImage|Any CPU.Build.0 = Release|Any CPU
		{4DF54E55-B67C-4480-81E3-F5263DE37F59}.SingleImage|ARM.ActiveCfg = Release|Any CPU
		{4DF54E55-B67C-4480-81E3-F5263DE37F59}.SingleImage|ARM.Build.0 = Release|Any CPU
		{4DF54E55-B67C-4480-81E3-F5263DE37F59}.SingleImage|x64.ActiveCfg = Release|Any CPU
		{4DF54E55-B67C-4480-81E3-F5263DE37F59}.SingleImage|x64.Build.0 = Release|Any CPU
		{4DF54E55-B67C-4480-81E3-F5263DE37F59}.SingleImage|x86.ActiveCfg = Release|Any CPU
		{4DF54E55-B67C-4480-81E3-F5263DE37F59}.SingleImage|x86.Build.0 = Release|Any CPU
		{6A0AECAE-979A-43E1-A1D4-49B2372DD3F4}.CD_ROM|Any CPU.ActiveCfg = Release|Any CPU
		{6A0AECAE-979A-43E1-A1D4-49B2372DD3F4}.CD_ROM|Any CPU.Build.0 = Release|Any CPU
		{6A0AECAE-979A-43E1-A1D4-49B2372DD3F4}.CD_ROM|ARM.ActiveCfg = Release|Any CPU
		{6A0AECAE-979A-43E1-A1D4-49B2372DD3F4}.CD_ROM|ARM.Build.0 = Release|Any CPU
		{6A0AECAE-979A-43E1-A1D4-49B2372DD3F4}.CD_ROM|x64.ActiveCfg = Release|Any CPU
		{6A0AECAE-979A-43E1-A1D4-49B2372DD3F4}.CD_ROM|x64.Build.0 = Release|Any CPU
		{6A0AECAE-979A-43E1-A1D4-49B2372DD3F4}.CD_ROM|x86.ActiveCfg = Release|Any CPU
		{6A0AECAE-979A-43E1-A1D4-49B2372DD3F4}.CD_ROM|x86.Build.0 = Release|Any CPU
		{6A0AECAE-979A-43E1-A1D4-49B2372DD3F4}.Debug|Any CPU.ActiveCfg = Debug|Any CPU
		{6A0AECAE-979A-43E1-A1D4-49B2372DD3F4}.Debug|Any CPU.Build.0 = Debug|Any CPU
		{6A0AECAE-979A-43E1-A1D4-49B2372DD3F4}.Debug|ARM.ActiveCfg = Debug|Any CPU
		{6A0AECAE-979A-43E1-A1D4-49B2372DD3F4}.Debug|ARM.Build.0 = Debug|Any CPU
		{6A0AECAE-979A-43E1-A1D4-49B2372DD3F4}.Debug|x64.ActiveCfg = Debug|Any CPU
		{6A0AECAE-979A-43E1-A1D4-49B2372DD3F4}.Debug|x64.Build.0 = Debug|Any CPU
		{6A0AECAE-979A-43E1-A1D4-49B2372DD3F4}.Debug|x86.ActiveCfg = Debug|Any CPU
		{6A0AECAE-979A-43E1-A1D4-49B2372DD3F4}.Debug|x86.Build.0 = Debug|Any CPU
		{6A0AECAE-979A-43E1-A1D4-49B2372DD3F4}.DVD-5|Any CPU.ActiveCfg = Debug|Any CPU
		{6A0AECAE-979A-43E1-A1D4-49B2372DD3F4}.DVD-5|Any CPU.Build.0 = Debug|Any CPU
		{6A0AECAE-979A-43E1-A1D4-49B2372DD3F4}.DVD-5|ARM.ActiveCfg = Debug|Any CPU
		{6A0AECAE-979A-43E1-A1D4-49B2372DD3F4}.DVD-5|ARM.Build.0 = Debug|Any CPU
		{6A0AECAE-979A-43E1-A1D4-49B2372DD3F4}.DVD-5|x64.ActiveCfg = Debug|Any CPU
		{6A0AECAE-979A-43E1-A1D4-49B2372DD3F4}.DVD-5|x64.Build.0 = Debug|Any CPU
		{6A0AECAE-979A-43E1-A1D4-49B2372DD3F4}.DVD-5|x86.ActiveCfg = Debug|Any CPU
		{6A0AECAE-979A-43E1-A1D4-49B2372DD3F4}.DVD-5|x86.Build.0 = Debug|Any CPU
		{6A0AECAE-979A-43E1-A1D4-49B2372DD3F4}.Release|Any CPU.ActiveCfg = Release|Any CPU
		{6A0AECAE-979A-43E1-A1D4-49B2372DD3F4}.Release|Any CPU.Build.0 = Release|Any CPU
		{6A0AECAE-979A-43E1-A1D4-49B2372DD3F4}.Release|ARM.ActiveCfg = Release|Any CPU
		{6A0AECAE-979A-43E1-A1D4-49B2372DD3F4}.Release|ARM.Build.0 = Release|Any CPU
		{6A0AECAE-979A-43E1-A1D4-49B2372DD3F4}.Release|x64.ActiveCfg = Release|Any CPU
		{6A0AECAE-979A-43E1-A1D4-49B2372DD3F4}.Release|x64.Build.0 = Release|Any CPU
		{6A0AECAE-979A-43E1-A1D4-49B2372DD3F4}.Release|x86.ActiveCfg = Release|Any CPU
		{6A0AECAE-979A-43E1-A1D4-49B2372DD3F4}.Release|x86.Build.0 = Release|Any CPU
		{6A0AECAE-979A-43E1-A1D4-49B2372DD3F4}.SingleImage|Any CPU.ActiveCfg = Release|Any CPU
		{6A0AECAE-979A-43E1-A1D4-49B2372DD3F4}.SingleImage|Any CPU.Build.0 = Release|Any CPU
		{6A0AECAE-979A-43E1-A1D4-49B2372DD3F4}.SingleImage|ARM.ActiveCfg = Release|Any CPU
		{6A0AECAE-979A-43E1-A1D4-49B2372DD3F4}.SingleImage|ARM.Build.0 = Release|Any CPU
		{6A0AECAE-979A-43E1-A1D4-49B2372DD3F4}.SingleImage|x64.ActiveCfg = Release|Any CPU
		{6A0AECAE-979A-43E1-A1D4-49B2372DD3F4}.SingleImage|x64.Build.0 = Release|Any CPU
		{6A0AECAE-979A-43E1-A1D4-49B2372DD3F4}.SingleImage|x86.ActiveCfg = Release|Any CPU
		{6A0AECAE-979A-43E1-A1D4-49B2372DD3F4}.SingleImage|x86.Build.0 = Release|Any CPU
		{21A701D7-063B-48E9-AE2F-5586A954B830}.CD_ROM|Any CPU.ActiveCfg = Release|Any CPU
		{21A701D7-063B-48E9-AE2F-5586A954B830}.CD_ROM|Any CPU.Build.0 = Release|Any CPU
		{21A701D7-063B-48E9-AE2F-5586A954B830}.CD_ROM|ARM.ActiveCfg = Release|Any CPU
		{21A701D7-063B-48E9-AE2F-5586A954B830}.CD_ROM|ARM.Build.0 = Release|Any CPU
		{21A701D7-063B-48E9-AE2F-5586A954B830}.CD_ROM|x64.ActiveCfg = Release|Any CPU
		{21A701D7-063B-48E9-AE2F-5586A954B830}.CD_ROM|x64.Build.0 = Release|Any CPU
		{21A701D7-063B-48E9-AE2F-5586A954B830}.CD_ROM|x86.ActiveCfg = Release|Any CPU
		{21A701D7-063B-48E9-AE2F-5586A954B830}.CD_ROM|x86.Build.0 = Release|Any CPU
		{21A701D7-063B-48E9-AE2F-5586A954B830}.Debug|Any CPU.ActiveCfg = Debug|Any CPU
		{21A701D7-063B-48E9-AE2F-5586A954B830}.Debug|Any CPU.Build.0 = Debug|Any CPU
		{21A701D7-063B-48E9-AE2F-5586A954B830}.Debug|ARM.ActiveCfg = Debug|Any CPU
		{21A701D7-063B-48E9-AE2F-5586A954B830}.Debug|ARM.Build.0 = Debug|Any CPU
		{21A701D7-063B-48E9-AE2F-5586A954B830}.Debug|x64.ActiveCfg = Debug|Any CPU
		{21A701D7-063B-48E9-AE2F-5586A954B830}.Debug|x64.Build.0 = Debug|Any CPU
		{21A701D7-063B-48E9-AE2F-5586A954B830}.Debug|x86.ActiveCfg = Debug|Any CPU
		{21A701D7-063B-48E9-AE2F-5586A954B830}.Debug|x86.Build.0 = Debug|Any CPU
		{21A701D7-063B-48E9-AE2F-5586A954B830}.DVD-5|Any CPU.ActiveCfg = Debug|Any CPU
		{21A701D7-063B-48E9-AE2F-5586A954B830}.DVD-5|Any CPU.Build.0 = Debug|Any CPU
		{21A701D7-063B-48E9-AE2F-5586A954B830}.DVD-5|ARM.ActiveCfg = Debug|Any CPU
		{21A701D7-063B-48E9-AE2F-5586A954B830}.DVD-5|ARM.Build.0 = Debug|Any CPU
		{21A701D7-063B-48E9-AE2F-5586A954B830}.DVD-5|x64.ActiveCfg = Debug|Any CPU
		{21A701D7-063B-48E9-AE2F-5586A954B830}.DVD-5|x64.Build.0 = Debug|Any CPU
		{21A701D7-063B-48E9-AE2F-5586A954B830}.DVD-5|x86.ActiveCfg = Debug|Any CPU
		{21A701D7-063B-48E9-AE2F-5586A954B830}.DVD-5|x86.Build.0 = Debug|Any CPU
		{21A701D7-063B-48E9-AE2F-5586A954B830}.Release|Any CPU.ActiveCfg = Release|Any CPU
		{21A701D7-063B-48E9-AE2F-5586A954B830}.Release|Any CPU.Build.0 = Release|Any CPU
		{21A701D7-063B-48E9-AE2F-5586A954B830}.Release|ARM.ActiveCfg = Release|Any CPU
		{21A701D7-063B-48E9-AE2F-5586A954B830}.Release|ARM.Build.0 = Release|Any CPU
		{21A701D7-063B-48E9-AE2F-5586A954B830}.Release|x64.ActiveCfg = Release|Any CPU
		{21A701D7-063B-48E9-AE2F-5586A954B830}.Release|x64.Build.0 = Release|Any CPU
		{21A701D7-063B-48E9-AE2F-5586A954B830}.Release|x86.ActiveCfg = Release|Any CPU
		{21A701D7-063B-48E9-AE2F-5586A954B830}.Release|x86.Build.0 = Release|Any CPU
		{21A701D7-063B-48E9-AE2F-5586A954B830}.SingleImage|Any CPU.ActiveCfg = Release|Any CPU
		{21A701D7-063B-48E9-AE2F-5586A954B830}.SingleImage|Any CPU.Build.0 = Release|Any CPU
		{21A701D7-063B-48E9-AE2F-5586A954B830}.SingleImage|ARM.ActiveCfg = Release|Any CPU
		{21A701D7-063B-48E9-AE2F-5586A954B830}.SingleImage|ARM.Build.0 = Release|Any CPU
		{21A701D7-063B-48E9-AE2F-5586A954B830}.SingleImage|x64.ActiveCfg = Release|Any CPU
		{21A701D7-063B-48E9-AE2F-5586A954B830}.SingleImage|x64.Build.0 = Release|Any CPU
		{21A701D7-063B-48E9-AE2F-5586A954B830}.SingleImage|x86.ActiveCfg = Release|Any CPU
		{21A701D7-063B-48E9-AE2F-5586A954B830}.SingleImage|x86.Build.0 = Release|Any CPU
		{EB01CC34-E9FE-4405-AEF5-E475D51F1689}.CD_ROM|Any CPU.ActiveCfg = Release|Any CPU
		{EB01CC34-E9FE-4405-AEF5-E475D51F1689}.CD_ROM|Any CPU.Build.0 = Release|Any CPU
		{EB01CC34-E9FE-4405-AEF5-E475D51F1689}.CD_ROM|ARM.ActiveCfg = Release|Any CPU
		{EB01CC34-E9FE-4405-AEF5-E475D51F1689}.CD_ROM|ARM.Build.0 = Release|Any CPU
		{EB01CC34-E9FE-4405-AEF5-E475D51F1689}.CD_ROM|x64.ActiveCfg = Release|Any CPU
		{EB01CC34-E9FE-4405-AEF5-E475D51F1689}.CD_ROM|x64.Build.0 = Release|Any CPU
		{EB01CC34-E9FE-4405-AEF5-E475D51F1689}.CD_ROM|x86.ActiveCfg = Release|Any CPU
		{EB01CC34-E9FE-4405-AEF5-E475D51F1689}.CD_ROM|x86.Build.0 = Release|Any CPU
		{EB01CC34-E9FE-4405-AEF5-E475D51F1689}.Debug|Any CPU.ActiveCfg = Debug|Any CPU
		{EB01CC34-E9FE-4405-AEF5-E475D51F1689}.Debug|Any CPU.Build.0 = Debug|Any CPU
		{EB01CC34-E9FE-4405-AEF5-E475D51F1689}.Debug|ARM.ActiveCfg = Debug|Any CPU
		{EB01CC34-E9FE-4405-AEF5-E475D51F1689}.Debug|ARM.Build.0 = Debug|Any CPU
		{EB01CC34-E9FE-4405-AEF5-E475D51F1689}.Debug|x64.ActiveCfg = Debug|Any CPU
		{EB01CC34-E9FE-4405-AEF5-E475D51F1689}.Debug|x64.Build.0 = Debug|Any CPU
		{EB01CC34-E9FE-4405-AEF5-E475D51F1689}.Debug|x86.ActiveCfg = Debug|Any CPU
		{EB01CC34-E9FE-4405-AEF5-E475D51F1689}.Debug|x86.Build.0 = Debug|Any CPU
		{EB01CC34-E9FE-4405-AEF5-E475D51F1689}.DVD-5|Any CPU.ActiveCfg = Debug|Any CPU
		{EB01CC34-E9FE-4405-AEF5-E475D51F1689}.DVD-5|Any CPU.Build.0 = Debug|Any CPU
		{EB01CC34-E9FE-4405-AEF5-E475D51F1689}.DVD-5|ARM.ActiveCfg = Debug|Any CPU
		{EB01CC34-E9FE-4405-AEF5-E475D51F1689}.DVD-5|ARM.Build.0 = Debug|Any CPU
		{EB01CC34-E9FE-4405-AEF5-E475D51F1689}.DVD-5|x64.ActiveCfg = Debug|Any CPU
		{EB01CC34-E9FE-4405-AEF5-E475D51F1689}.DVD-5|x64.Build.0 = Debug|Any CPU
		{EB01CC34-E9FE-4405-AEF5-E475D51F1689}.DVD-5|x86.ActiveCfg = Debug|Any CPU
		{EB01CC34-E9FE-4405-AEF5-E475D51F1689}.DVD-5|x86.Build.0 = Debug|Any CPU
		{EB01CC34-E9FE-4405-AEF5-E475D51F1689}.Release|Any CPU.ActiveCfg = Release|Any CPU
		{EB01CC34-E9FE-4405-AEF5-E475D51F1689}.Release|Any CPU.Build.0 = Release|Any CPU
		{EB01CC34-E9FE-4405-AEF5-E475D51F1689}.Release|ARM.ActiveCfg = Release|Any CPU
		{EB01CC34-E9FE-4405-AEF5-E475D51F1689}.Release|ARM.Build.0 = Release|Any CPU
		{EB01CC34-E9FE-4405-AEF5-E475D51F1689}.Release|x64.ActiveCfg = Release|Any CPU
		{EB01CC34-E9FE-4405-AEF5-E475D51F1689}.Release|x64.Build.0 = Release|Any CPU
		{EB01CC34-E9FE-4405-AEF5-E475D51F1689}.Release|x86.ActiveCfg = Release|Any CPU
		{EB01CC34-E9FE-4405-AEF5-E475D51F1689}.Release|x86.Build.0 = Release|Any CPU
		{EB01CC34-E9FE-4405-AEF5-E475D51F1689}.SingleImage|Any CPU.ActiveCfg = Release|Any CPU
		{EB01CC34-E9FE-4405-AEF5-E475D51F1689}.SingleImage|Any CPU.Build.0 = Release|Any CPU
		{EB01CC34-E9FE-4405-AEF5-E475D51F1689}.SingleImage|ARM.ActiveCfg = Release|Any CPU
		{EB01CC34-E9FE-4405-AEF5-E475D51F1689}.SingleImage|ARM.Build.0 = Release|Any CPU
		{EB01CC34-E9FE-4405-AEF5-E475D51F1689}.SingleImage|x64.ActiveCfg = Release|Any CPU
		{EB01CC34-E9FE-4405-AEF5-E475D51F1689}.SingleImage|x64.Build.0 = Release|Any CPU
		{EB01CC34-E9FE-4405-AEF5-E475D51F1689}.SingleImage|x86.ActiveCfg = Release|Any CPU
		{EB01CC34-E9FE-4405-AEF5-E475D51F1689}.SingleImage|x86.Build.0 = Release|Any CPU
	EndGlobalSection
	GlobalSection(SolutionProperties) = preSolution
		HideSolutionNode = FALSE
	EndGlobalSection
	GlobalSection(NestedProjects) = preSolution
		{B2B4D585-3533-4222-8351-98128903001E} = {E4F53FF8-03A0-4C92-84EA-5E353BDD9A18}
		{7264D469-A390-4C10-9C87-DAA37EDD3C1D} = {B2B4D585-3533-4222-8351-98128903001E}
		{D5F54A4F-D84B-430F-9271-F7861E285B3E} = {B2B4D585-3533-4222-8351-98128903001E}
		{BB3237C7-E19C-4232-B875-6658ABDD184A} = {B2B4D585-3533-4222-8351-98128903001E}
		{5BE3D307-4B0B-406B-BF7B-CF9FC59800C0} = {B2B68455-E182-485B-8A75-BAD00C32EF21}
		{A22A33B7-988B-4FE1-BFC3-0E0A4273DF83} = {E4F53FF8-03A0-4C92-84EA-5E353BDD9A18}
		{BF21D27F-72AD-492E-8219-6C82C2330C72} = {A22A33B7-988B-4FE1-BFC3-0E0A4273DF83}
		{1E3374C3-7C9B-4FAA-B1C6-B3609E903428} = {A22A33B7-988B-4FE1-BFC3-0E0A4273DF83}
		{9F1402F2-D701-43A5-9AD6-CFA926C31DCE} = {A22A33B7-988B-4FE1-BFC3-0E0A4273DF83}
		{CF5AE2D0-F8A0-4E2C-9398-551CC216ED25} = {E4F53FF8-03A0-4C92-84EA-5E353BDD9A18}
		{7B84D317-9D25-4F06-9BAC-A246ED79B076} = {CF5AE2D0-F8A0-4E2C-9398-551CC216ED25}
		{21A701D7-063B-48E9-AE2F-5586A954B830} = {E4F53FF8-03A0-4C92-84EA-5E353BDD9A18}
	EndGlobalSection
	GlobalSection(ExtensibilityGlobals) = postSolution
		SolutionGuid = {F9F08FEF-D7F0-4D14-BDEA-F7B8222A8062}
	EndGlobalSection
	GlobalSection(MonoDevelopProperties) = preSolution
		StartupItem = MailKit\MailKit.Net45.csproj
		Policies = $0
		$0.TextStylePolicy = $1
		$1.inheritsSet = null
		$1.scope = text/x-csharp
		$0.CSharpFormattingPolicy = $2
		$2.AlignEmbeddedUsingStatements = False
		$2.AlignEmbeddedIfStatements = False
		$2.NamespaceBraceStyle = EndOfLine
		$2.StructBraceStyle = EndOfLine
		$2.EnumBraceStyle = EndOfLine
		$2.BeforeIndexerDeclarationBracket = False
		$2.AfterDelegateDeclarationParameterComma = True
		$2.BeforeSizeOfParentheses = True
		$2.BeforeTypeOfParentheses = True
		$2.SpacesAfterTypecast = True
		$2.BlankLinesBeforeUsings = 1
		$2.inheritsSet = Mono
		$2.inheritsScope = text/x-csharp
		$2.scope = text/x-csharp
		$0.StandardHeader = $3
		$3.Text = @\r\n${FileName}\n \nAuthor: ${AuthorName} <${AuthorEmail}>\n\nCopyright (c) ${Year} ${CopyrightHolder}\n\nPermission is hereby granted, free of charge, to any person obtaining a copy\nof this software and associated documentation files (the "Software"), to deal\nin the Software without restriction, including without limitation the rights\nto use, copy, modify, merge, publish, distribute, sublicense, and/or sell\ncopies of the Software, and to permit persons to whom the Software is\nfurnished to do so, subject to the following conditions:\n\nThe above copyright notice and this permission notice shall be included in\nall copies or substantial portions of the Software.\n\nTHE SOFTWARE IS PROVIDED "AS IS", WITHOUT WARRANTY OF ANY KIND, EXPRESS OR\nIMPLIED, INCLUDING BUT NOT LIMITED TO THE WARRANTIES OF MERCHANTABILITY,\nFITNESS FOR A PARTICULAR PURPOSE AND NONINFRINGEMENT. IN NO EVENT SHALL THE\nAUTHORS OR COPYRIGHT HOLDERS BE LIABLE FOR ANY CLAIM, DAMAGES OR OTHER\nLIABILITY, WHETHER IN AN ACTION OF CONTRACT, TORT OR OTHERWISE, ARISING FROM,\nOUT OF OR IN CONNECTION WITH THE SOFTWARE OR THE USE OR OTHER DEALINGS IN\nTHE SOFTWARE.\n
		$3.IncludeInNewFiles = True
	EndGlobalSection
EndGlobal
